{
  "name": "react-reduxify",
  "version": "1.0.7",
  "lockfileVersion": 1,
  "requires": true,
  "dependencies": {
    "locustjs-base": {
      "version": "1.0.12",
      "resolved": "https://registry.npmjs.org/locustjs-base/-/locustjs-base-1.0.12.tgz",
      "integrity": "sha512-6uVuErbsSPTynQ9Qo3a1Eo9LieVZaxp4obLvzozNkHA+A6z+uShkWBdrto7Er8UpPC3Qxlw4fCfqQiP8vs697w=="
    }
  }
}
